
Microsoft Visual Studio Solution File, Format Version 12.00
# Visual Studio 15
VisualStudioVersion = 15.0.35213.121
MinimumVisualStudioVersion = 10.0.40219.1
Project("{FAE04EC0-301F-11D3-BF4B-00C04F79EFBC}") = "IkiMatrisinCarpimi", "IkiMatrisinCarpimi\IkiMatrisinCarpimi.csproj", "{C75B3BC1-EC8A-4F1A-A341-2DB23A3B2052}"
EndProject
Global
	GlobalSection(SolutionConfigurationPlatforms) = preSolution
		Debug|Any CPU = Debug|Any CPU
		Release|Any CPU = Release|Any CPU
	EndGlobalSection
	GlobalSection(ProjectConfigurationPlatforms) = postSolution
		{C75B3BC1-EC8A-4F1A-A341-2DB23A3B2052}.Debug|Any CPU.ActiveCfg = Debug|Any CPU
		{C75B3BC1-EC8A-4F1A-A341-2DB23A3B2052}.Debug|Any CPU.Build.0 = Debug|Any CPU
		{C75B3BC1-EC8A-4F1A-A341-2DB23A3B2052}.Release|Any CPU.ActiveCfg = Release|Any CPU
		{C75B3BC1-EC8A-4F1A-A341-2DB23A3B2052}.Release|Any CPU.Build.0 = Release|Any CPU
	EndGlobalSection
	GlobalSection(SolutionProperties) = preSolution
		HideSolutionNode = FALSE
	EndGlobalSection
	GlobalSection(ExtensibilityGlobals) = postSolution
		SolutionGuid = {FBD0C710-A158-44CC-89F5-A65D51E2CC88}
	EndGlobalSection
EndGlobal
