
Microsoft Visual Studio Solution File, Format Version 12.00
# Visual Studio 15
VisualStudioVersion = 15.0.35213.121
MinimumVisualStudioVersion = 10.0.40219.1
Project("{FAE04EC0-301F-11D3-BF4B-00C04F79EFBC}") = "Labirent", "Labirent\Labirent.csproj", "{6EE6E0E2-F34F-4EBC-BF96-8B203E2C2AEC}"
EndProject
Global
	GlobalSection(SolutionConfigurationPlatforms) = preSolution
		Debug|Any CPU = Debug|Any CPU
		Release|Any CPU = Release|Any CPU
	EndGlobalSection
	GlobalSection(ProjectConfigurationPlatforms) = postSolution
		{6EE6E0E2-F34F-4EBC-BF96-8B203E2C2AEC}.Debug|Any CPU.ActiveCfg = Debug|Any CPU
		{6EE6E0E2-F34F-4EBC-BF96-8B203E2C2AEC}.Debug|Any CPU.Build.0 = Debug|Any CPU
		{6EE6E0E2-F34F-4EBC-BF96-8B203E2C2AEC}.Release|Any CPU.ActiveCfg = Release|Any CPU
		{6EE6E0E2-F34F-4EBC-BF96-8B203E2C2AEC}.Release|Any CPU.Build.0 = Release|Any CPU
	EndGlobalSection
	GlobalSection(SolutionProperties) = preSolution
		HideSolutionNode = FALSE
	EndGlobalSection
	GlobalSection(ExtensibilityGlobals) = postSolution
		SolutionGuid = {A67A55E1-59A7-4FD7-9C4B-D4DBB67B5B68}
	EndGlobalSection
EndGlobal
